// !$*UTF8*$!
{
	archiveVersion = 1;
	classes = {
	};
	objectVersion = 54;
	objects = {

/* Begin PBXBuildFile section */
		7A10A5F7243847B10070302F /* TourneyHelper.swift in Sources */ = {isa = PBXBuildFile; fileRef = 7A10A5F6243847B10070302F /* TourneyHelper.swift */; };
		7A1B9C9D245A9A22005B40D3 /* historicalProbabilitiesWomen.plist in Resources */ = {isa = PBXBuildFile; fileRef = 7A1B9C9C245A9A22005B40D3 /* historicalProbabilitiesWomen.plist */; };
		7A2D2E3F262E7FBE00AB5935 /* SimHelper.swift in Sources */ = {isa = PBXBuildFile; fileRef = 7A2D2E3E262E7FBE00AB5935 /* SimHelper.swift */; };
		7A2D2E42262E81DB00AB5935 /* ProbabilityHelper.swift in Sources */ = {isa = PBXBuildFile; fileRef = 7A2D2E41262E81DB00AB5935 /* ProbabilityHelper.swift */; };
		7A2ECEE9242EDE920065E369 /* AppDelegate.swift in Sources */ = {isa = PBXBuildFile; fileRef = 7A2ECEE8242EDE920065E369 /* AppDelegate.swift */; };
		7A2ECEF0242EDE930065E369 /* Assets.xcassets in Resources */ = {isa = PBXBuildFile; fileRef = 7A2ECEEF242EDE930065E369 /* Assets.xcassets */; };
		7A2ECEF3242EDE930065E369 /* LaunchScreen.storyboard in Resources */ = {isa = PBXBuildFile; fileRef = 7A2ECEF1242EDE930065E369 /* LaunchScreen.storyboard */; };
		7A494BC3243041C20042173A /* foam-madness.xcdatamodeld in Sources */ = {isa = PBXBuildFile; fileRef = 7A494BC1243041C20042173A /* foam-madness.xcdatamodeld */; };
		7A494BC5243046A50042173A /* DataController.swift in Sources */ = {isa = PBXBuildFile; fileRef = 7A494BC4243046A50042173A /* DataController.swift */; };
		7A771E5B250D9BDD009FE9EA /* LiveGameCollectionViewCell.swift in Sources */ = {isa = PBXBuildFile; fileRef = 7A771E5A250D9BDD009FE9EA /* LiveGameCollectionViewCell.swift */; };
		7A771E5D250DA571009FE9EA /* LiveGameCollectionViewController.swift in Sources */ = {isa = PBXBuildFile; fileRef = 7A771E5C250DA571009FE9EA /* LiveGameCollectionViewController.swift */; };
		7A916BD825EDE5D5007E8714 /* womensBracket2021.plist in Resources */ = {isa = PBXBuildFile; fileRef = 7A916BD625EDE5D4007E8714 /* womensBracket2021.plist */; };
		7A916BD925EDE5D5007E8714 /* mensBracket2021.plist in Resources */ = {isa = PBXBuildFile; fileRef = 7A916BD725EDE5D4007E8714 /* mensBracket2021.plist */; };
		7ACBCB37250EC73900EBA5B1 /* APIClient.swift in Sources */ = {isa = PBXBuildFile; fileRef = 7ACBCB36250EC73900EBA5B1 /* APIClient.swift */; };
		7ACBCB39250EC7DA00EBA5B1 /* LiveGamesResponse.swift in Sources */ = {isa = PBXBuildFile; fileRef = 7ACBCB38250EC7DA00EBA5B1 /* LiveGamesResponse.swift */; };
		7ACBCB3B250EC7FC00EBA5B1 /* ErrorResponse.swift in Sources */ = {isa = PBXBuildFile; fileRef = 7ACBCB3A250EC7FC00EBA5B1 /* ErrorResponse.swift */; };
		7AD7BC1324315125006F0AF0 /* historicalProbabilities.plist in Resources */ = {isa = PBXBuildFile; fileRef = 7AD7BC1224315125006F0AF0 /* historicalProbabilities.plist */; };
		7AEAB80B2433086C009E7CC1 /* teams.plist in Resources */ = {isa = PBXBuildFile; fileRef = 7AEAB8092433086C009E7CC1 /* teams.plist */; };
		7AEAB80C2433086C009E7CC1 /* bracketology2020.plist in Resources */ = {isa = PBXBuildFile; fileRef = 7AEAB80A2433086C009E7CC1 /* bracketology2020.plist */; };
		7AECF9C8245E779E0037E126 /* womensBracketology2020.plist in Resources */ = {isa = PBXBuildFile; fileRef = 7AECF9C7245E779E0037E126 /* womensBracketology2020.plist */; };
		7AEFD6672514704E007BB16B /* ABOUT.rtf in Resources */ = {isa = PBXBuildFile; fileRef = 7AEFD6662514704E007BB16B /* ABOUT.rtf */; };
		7AF31A862431267400DF1605 /* GameHelper.swift in Sources */ = {isa = PBXBuildFile; fileRef = 7AF31A852431267400DF1605 /* GameHelper.swift */; };
		D1386BDE2B929752006C676C /* NavigationUtil.swift in Sources */ = {isa = PBXBuildFile; fileRef = D1386BDD2B929752006C676C /* NavigationUtil.swift */; };
		D14720182B60D22500453304 /* PreviewDataController.swift in Sources */ = {isa = PBXBuildFile; fileRef = D14720172B60D22500453304 /* PreviewDataController.swift */; };
		D147201A2B60D6FC00453304 /* TeamHelper.swift in Sources */ = {isa = PBXBuildFile; fileRef = D14720192B60D6FC00453304 /* TeamHelper.swift */; };
		D14C59E927DED2FE001378F1 /* mensBracket2022.plist in Resources */ = {isa = PBXBuildFile; fileRef = D14C59E827DED2FE001378F1 /* mensBracket2022.plist */; };
		D14C59EB27DED30F001378F1 /* womensBracket2022.plist in Resources */ = {isa = PBXBuildFile; fileRef = D14C59EA27DED30F001378F1 /* womensBracket2022.plist */; };
		D15865732B574D4D009E486A /* MenuView.swift in Sources */ = {isa = PBXBuildFile; fileRef = D15865722B574D4D009E486A /* MenuView.swift */; };
		D15865762B574D61009E486A /* AboutView.swift in Sources */ = {isa = PBXBuildFile; fileRef = D15865752B574D61009E486A /* AboutView.swift */; };
		D15865782B574F58009E486A /* LiveGamesView.swift in Sources */ = {isa = PBXBuildFile; fileRef = D15865772B574F58009E486A /* LiveGamesView.swift */; };
		D158657A2B574F94009E486A /* LiveGamesCell.swift in Sources */ = {isa = PBXBuildFile; fileRef = D15865792B574F94009E486A /* LiveGamesCell.swift */; };
		D158657C2B574FB9009E486A /* SelectTeamsView.swift in Sources */ = {isa = PBXBuildFile; fileRef = D158657B2B574FB9009E486A /* SelectTeamsView.swift */; };
		D158657E2B5750E7009E486A /* PlayGameView.swift in Sources */ = {isa = PBXBuildFile; fileRef = D158657D2B5750E7009E486A /* PlayGameView.swift */; };
		D15865802B5750F9009E486A /* ShootModeView.swift in Sources */ = {isa = PBXBuildFile; fileRef = D158657F2B5750F9009E486A /* ShootModeView.swift */; };
		D15865822B57510D009E486A /* GameScoreView.swift in Sources */ = {isa = PBXBuildFile; fileRef = D15865812B57510D009E486A /* GameScoreView.swift */; };
		D15865842B575118009E486A /* GameStatsView.swift in Sources */ = {isa = PBXBuildFile; fileRef = D15865832B575118009E486A /* GameStatsView.swift */; };
		D15865882B575176009E486A /* SelectInitialBracketView.swift in Sources */ = {isa = PBXBuildFile; fileRef = D15865872B575176009E486A /* SelectInitialBracketView.swift */; };
		D158658A2B575185009E486A /* BracketCreationView.swift in Sources */ = {isa = PBXBuildFile; fileRef = D15865892B575185009E486A /* BracketCreationView.swift */; };
		D158658C2B575197009E486A /* TournamentGamesView.swift in Sources */ = {isa = PBXBuildFile; fileRef = D158658B2B575197009E486A /* TournamentGamesView.swift */; };
		D15865902B5751BE009E486A /* SelectTournamentView.swift in Sources */ = {isa = PBXBuildFile; fileRef = D158658F2B5751BE009E486A /* SelectTournamentView.swift */; };
		D15865922B5751CE009E486A /* TournamentStatsView.swift in Sources */ = {isa = PBXBuildFile; fileRef = D15865912B5751CE009E486A /* TournamentStatsView.swift */; };
		D15865952B575ECE009E486A /* PrimaryButtonStyle.swift in Sources */ = {isa = PBXBuildFile; fileRef = D15865942B575ECE009E486A /* PrimaryButtonStyle.swift */; };
		D158B32D2B9A96720002D2F6 /* GameStatsController.swift in Sources */ = {isa = PBXBuildFile; fileRef = D158B32C2B9A96720002D2F6 /* GameStatsController.swift */; };
		D18D756E29BEA5AC00DE609B /* mensBracket2023.plist in Resources */ = {isa = PBXBuildFile; fileRef = D18D756D29BEA5AC00DE609B /* mensBracket2023.plist */; };
		D18D757029BEA5B500DE609B /* womensBracket2023.plist in Resources */ = {isa = PBXBuildFile; fileRef = D18D756F29BEA5B500DE609B /* womensBracket2023.plist */; };
		D199087B2B996D6200A57746 /* ShootModeController.swift in Sources */ = {isa = PBXBuildFile; fileRef = D199087A2B996D6200A57746 /* ShootModeController.swift */; };
		D199087D2B99703500A57746 /* SaveHelper.swift in Sources */ = {isa = PBXBuildFile; fileRef = D199087C2B99703500A57746 /* SaveHelper.swift */; };
		D1A3E0092B76F94D001E461A /* BracketHelper.swift in Sources */ = {isa = PBXBuildFile; fileRef = D1A3E0082B76F94D001E461A /* BracketHelper.swift */; };
		D1A67BE629BD48E200E1D55B /* foam_madness_bracket_file_tests.swift in Sources */ = {isa = PBXBuildFile; fileRef = D1A67BE529BD48E200E1D55B /* foam_madness_bracket_file_tests.swift */; };
		D1A67BED29BD631D00E1D55B /* foam_madness_probability_file_test.swift in Sources */ = {isa = PBXBuildFile; fileRef = D1A67BEC29BD631D00E1D55B /* foam_madness_probability_file_test.swift */; };
		D1A67BEF29BD6E4D00E1D55B /* foam_madness_teams_file_test.swift in Sources */ = {isa = PBXBuildFile; fileRef = D1A67BEE29BD6E4D00E1D55B /* foam_madness_teams_file_test.swift */; };
		D1A8B19E2B9FD8A500354C9F /* MailHandler.swift in Sources */ = {isa = PBXBuildFile; fileRef = D1A8B19D2B9FD8A500354C9F /* MailHandler.swift */; };
		D1A8B1A02B9FF03100354C9F /* TournamentGameCell.swift in Sources */ = {isa = PBXBuildFile; fileRef = D1A8B19F2B9FF03100354C9F /* TournamentGameCell.swift */; };
		D1C757A12B9A62C500817E1A /* TournamentStatsController.swift in Sources */ = {isa = PBXBuildFile; fileRef = D1C757A02B9A62C500817E1A /* TournamentStatsController.swift */; };
		D1D4F9C32B97E4D0004B9C18 /* BracketCreationController.swift in Sources */ = {isa = PBXBuildFile; fileRef = D1D4F9C22B97E4D0004B9C18 /* BracketCreationController.swift */; };
		D1E16E1128334BB0007280EC /* bracketIndex.plist in Resources */ = {isa = PBXBuildFile; fileRef = D1E16E1028334BB0007280EC /* bracketIndex.plist */; };
		D1E16E1C283354B0007280EC /* womensBracket2019.plist in Resources */ = {isa = PBXBuildFile; fileRef = D1E16E12283354B0007280EC /* womensBracket2019.plist */; };
		D1E16E1D283354B0007280EC /* mensBracket2016.plist in Resources */ = {isa = PBXBuildFile; fileRef = D1E16E13283354B0007280EC /* mensBracket2016.plist */; };
		D1E16E1E283354B0007280EC /* mensBracket2017.plist in Resources */ = {isa = PBXBuildFile; fileRef = D1E16E14283354B0007280EC /* mensBracket2017.plist */; };
		D1E16E1F283354B0007280EC /* womensBracket2017.plist in Resources */ = {isa = PBXBuildFile; fileRef = D1E16E15283354B0007280EC /* womensBracket2017.plist */; };
		D1E16E20283354B0007280EC /* womensBracket2015.plist in Resources */ = {isa = PBXBuildFile; fileRef = D1E16E16283354B0007280EC /* womensBracket2015.plist */; };
		D1E16E21283354B0007280EC /* womensBracket2018.plist in Resources */ = {isa = PBXBuildFile; fileRef = D1E16E17283354B0007280EC /* womensBracket2018.plist */; };
		D1E16E22283354B0007280EC /* mensBracket2015.plist in Resources */ = {isa = PBXBuildFile; fileRef = D1E16E18283354B0007280EC /* mensBracket2015.plist */; };
		D1E16E23283354B0007280EC /* mensBracket2019.plist in Resources */ = {isa = PBXBuildFile; fileRef = D1E16E19283354B0007280EC /* mensBracket2019.plist */; };
		D1E16E24283354B0007280EC /* mensBracket2018.plist in Resources */ = {isa = PBXBuildFile; fileRef = D1E16E1A283354B0007280EC /* mensBracket2018.plist */; };
		D1E16E25283354B0007280EC /* womensBracket2016.plist in Resources */ = {isa = PBXBuildFile; fileRef = D1E16E1B283354B0007280EC /* womensBracket2016.plist */; };
/* End PBXBuildFile section */

/* Begin PBXContainerItemProxy section */
		D1A67BE729BD48E200E1D55B /* PBXContainerItemProxy */ = {
			isa = PBXContainerItemProxy;
			containerPortal = 7A2ECEDD242EDE920065E369 /* Project object */;
			proxyType = 1;
			remoteGlobalIDString = 7A2ECEE4242EDE920065E369;
			remoteInfo = "foam-madness";
		};
/* End PBXContainerItemProxy section */

/* Begin PBXFileReference section */
		7A10A5F6243847B10070302F /* TourneyHelper.swift */ = {isa = PBXFileReference; lastKnownFileType = sourcecode.swift; path = TourneyHelper.swift; sourceTree = "<group>"; };
		7A1B9C9C245A9A22005B40D3 /* historicalProbabilitiesWomen.plist */ = {isa = PBXFileReference; lastKnownFileType = text.plist.xml; path = historicalProbabilitiesWomen.plist; sourceTree = "<group>"; };
		7A2D2E3E262E7FBE00AB5935 /* SimHelper.swift */ = {isa = PBXFileReference; lastKnownFileType = sourcecode.swift; path = SimHelper.swift; sourceTree = "<group>"; };
		7A2D2E41262E81DB00AB5935 /* ProbabilityHelper.swift */ = {isa = PBXFileReference; lastKnownFileType = sourcecode.swift; path = ProbabilityHelper.swift; sourceTree = "<group>"; };
		7A2ECEE5242EDE920065E369 /* foam-madness.app */ = {isa = PBXFileReference; explicitFileType = wrapper.application; includeInIndex = 0; path = "foam-madness.app"; sourceTree = BUILT_PRODUCTS_DIR; };
		7A2ECEE8242EDE920065E369 /* AppDelegate.swift */ = {isa = PBXFileReference; lastKnownFileType = sourcecode.swift; path = AppDelegate.swift; sourceTree = "<group>"; };
		7A2ECEEF242EDE930065E369 /* Assets.xcassets */ = {isa = PBXFileReference; lastKnownFileType = folder.assetcatalog; path = Assets.xcassets; sourceTree = "<group>"; };
		7A2ECEF2242EDE930065E369 /* Base */ = {isa = PBXFileReference; lastKnownFileType = file.storyboard; name = Base; path = Base.lproj/LaunchScreen.storyboard; sourceTree = "<group>"; };
		7A2ECEF4242EDE930065E369 /* Info.plist */ = {isa = PBXFileReference; lastKnownFileType = text.plist.xml; path = Info.plist; sourceTree = "<group>"; };
		7A494BC2243041C20042173A /* foam-madness.xcdatamodel */ = {isa = PBXFileReference; lastKnownFileType = wrapper.xcdatamodel; path = "foam-madness.xcdatamodel"; sourceTree = "<group>"; };
		7A494BC4243046A50042173A /* DataController.swift */ = {isa = PBXFileReference; lastKnownFileType = sourcecode.swift; path = DataController.swift; sourceTree = "<group>"; };
		7A73579E243ED4A800691B26 /* foam-madness-v2.xcdatamodel */ = {isa = PBXFileReference; lastKnownFileType = wrapper.xcdatamodel; path = "foam-madness-v2.xcdatamodel"; sourceTree = "<group>"; };
		7A771E5A250D9BDD009FE9EA /* LiveGameCollectionViewCell.swift */ = {isa = PBXFileReference; lastKnownFileType = sourcecode.swift; path = LiveGameCollectionViewCell.swift; sourceTree = "<group>"; };
		7A771E5C250DA571009FE9EA /* LiveGameCollectionViewController.swift */ = {isa = PBXFileReference; lastKnownFileType = sourcecode.swift; path = LiveGameCollectionViewController.swift; sourceTree = "<group>"; };
		7A916BD625EDE5D4007E8714 /* womensBracket2021.plist */ = {isa = PBXFileReference; fileEncoding = 4; lastKnownFileType = text.plist.xml; path = womensBracket2021.plist; sourceTree = "<group>"; };
		7A916BD725EDE5D4007E8714 /* mensBracket2021.plist */ = {isa = PBXFileReference; fileEncoding = 4; lastKnownFileType = text.plist.xml; path = mensBracket2021.plist; sourceTree = "<group>"; };
		7ABF40392456A55600A18B3F /* foam-madness-v3.xcdatamodel */ = {isa = PBXFileReference; lastKnownFileType = wrapper.xcdatamodel; path = "foam-madness-v3.xcdatamodel"; sourceTree = "<group>"; };
		7ACBCB36250EC73900EBA5B1 /* APIClient.swift */ = {isa = PBXFileReference; lastKnownFileType = sourcecode.swift; path = APIClient.swift; sourceTree = "<group>"; };
		7ACBCB38250EC7DA00EBA5B1 /* LiveGamesResponse.swift */ = {isa = PBXFileReference; lastKnownFileType = sourcecode.swift; path = LiveGamesResponse.swift; sourceTree = "<group>"; };
		7ACBCB3A250EC7FC00EBA5B1 /* ErrorResponse.swift */ = {isa = PBXFileReference; lastKnownFileType = sourcecode.swift; path = ErrorResponse.swift; sourceTree = "<group>"; };
		7AD7BC1224315125006F0AF0 /* historicalProbabilities.plist */ = {isa = PBXFileReference; lastKnownFileType = text.plist.xml; path = historicalProbabilities.plist; sourceTree = "<group>"; };
		7AEAB8092433086C009E7CC1 /* teams.plist */ = {isa = PBXFileReference; fileEncoding = 4; lastKnownFileType = text.plist.xml; path = teams.plist; sourceTree = "<group>"; };
		7AEAB80A2433086C009E7CC1 /* bracketology2020.plist */ = {isa = PBXFileReference; fileEncoding = 4; lastKnownFileType = text.plist.xml; path = bracketology2020.plist; sourceTree = "<group>"; };
		7AECF9C7245E779E0037E126 /* womensBracketology2020.plist */ = {isa = PBXFileReference; fileEncoding = 4; lastKnownFileType = text.plist.xml; path = womensBracketology2020.plist; sourceTree = "<group>"; };
		7AEFD6662514704E007BB16B /* ABOUT.rtf */ = {isa = PBXFileReference; lastKnownFileType = text.rtf; path = ABOUT.rtf; sourceTree = "<group>"; };
		7AF31A852431267400DF1605 /* GameHelper.swift */ = {isa = PBXFileReference; lastKnownFileType = sourcecode.swift; path = GameHelper.swift; sourceTree = "<group>"; };
		D1386BDD2B929752006C676C /* NavigationUtil.swift */ = {isa = PBXFileReference; lastKnownFileType = sourcecode.swift; path = NavigationUtil.swift; sourceTree = "<group>"; };
		D14720172B60D22500453304 /* PreviewDataController.swift */ = {isa = PBXFileReference; lastKnownFileType = sourcecode.swift; path = PreviewDataController.swift; sourceTree = "<group>"; };
		D14720192B60D6FC00453304 /* TeamHelper.swift */ = {isa = PBXFileReference; lastKnownFileType = sourcecode.swift; path = TeamHelper.swift; sourceTree = "<group>"; };
		D14C59E827DED2FE001378F1 /* mensBracket2022.plist */ = {isa = PBXFileReference; fileEncoding = 4; lastKnownFileType = text.plist.xml; path = mensBracket2022.plist; sourceTree = "<group>"; };
		D14C59EA27DED30F001378F1 /* womensBracket2022.plist */ = {isa = PBXFileReference; fileEncoding = 4; lastKnownFileType = text.plist.xml; path = womensBracket2022.plist; sourceTree = "<group>"; };
		D15865722B574D4D009E486A /* MenuView.swift */ = {isa = PBXFileReference; lastKnownFileType = sourcecode.swift; path = MenuView.swift; sourceTree = "<group>"; };
		D15865752B574D61009E486A /* AboutView.swift */ = {isa = PBXFileReference; lastKnownFileType = sourcecode.swift; path = AboutView.swift; sourceTree = "<group>"; };
		D15865772B574F58009E486A /* LiveGamesView.swift */ = {isa = PBXFileReference; lastKnownFileType = sourcecode.swift; path = LiveGamesView.swift; sourceTree = "<group>"; };
		D15865792B574F94009E486A /* LiveGamesCell.swift */ = {isa = PBXFileReference; lastKnownFileType = sourcecode.swift; path = LiveGamesCell.swift; sourceTree = "<group>"; };
		D158657B2B574FB9009E486A /* SelectTeamsView.swift */ = {isa = PBXFileReference; lastKnownFileType = sourcecode.swift; path = SelectTeamsView.swift; sourceTree = "<group>"; };
		D158657D2B5750E7009E486A /* PlayGameView.swift */ = {isa = PBXFileReference; lastKnownFileType = sourcecode.swift; path = PlayGameView.swift; sourceTree = "<group>"; };
		D158657F2B5750F9009E486A /* ShootModeView.swift */ = {isa = PBXFileReference; lastKnownFileType = sourcecode.swift; path = ShootModeView.swift; sourceTree = "<group>"; };
		D15865812B57510D009E486A /* GameScoreView.swift */ = {isa = PBXFileReference; lastKnownFileType = sourcecode.swift; path = GameScoreView.swift; sourceTree = "<group>"; };
		D15865832B575118009E486A /* GameStatsView.swift */ = {isa = PBXFileReference; lastKnownFileType = sourcecode.swift; path = GameStatsView.swift; sourceTree = "<group>"; };
		D15865872B575176009E486A /* SelectInitialBracketView.swift */ = {isa = PBXFileReference; lastKnownFileType = sourcecode.swift; path = SelectInitialBracketView.swift; sourceTree = "<group>"; };
		D15865892B575185009E486A /* BracketCreationView.swift */ = {isa = PBXFileReference; lastKnownFileType = sourcecode.swift; path = BracketCreationView.swift; sourceTree = "<group>"; };
		D158658B2B575197009E486A /* TournamentGamesView.swift */ = {isa = PBXFileReference; lastKnownFileType = sourcecode.swift; path = TournamentGamesView.swift; sourceTree = "<group>"; };
		D158658F2B5751BE009E486A /* SelectTournamentView.swift */ = {isa = PBXFileReference; lastKnownFileType = sourcecode.swift; path = SelectTournamentView.swift; sourceTree = "<group>"; };
		D15865912B5751CE009E486A /* TournamentStatsView.swift */ = {isa = PBXFileReference; lastKnownFileType = sourcecode.swift; path = TournamentStatsView.swift; sourceTree = "<group>"; };
		D15865942B575ECE009E486A /* PrimaryButtonStyle.swift */ = {isa = PBXFileReference; lastKnownFileType = sourcecode.swift; path = PrimaryButtonStyle.swift; sourceTree = "<group>"; };
		D158B32C2B9A96720002D2F6 /* GameStatsController.swift */ = {isa = PBXFileReference; lastKnownFileType = sourcecode.swift; path = GameStatsController.swift; sourceTree = "<group>"; };
		D18D756D29BEA5AC00DE609B /* mensBracket2023.plist */ = {isa = PBXFileReference; fileEncoding = 4; lastKnownFileType = text.plist.xml; path = mensBracket2023.plist; sourceTree = "<group>"; };
		D18D756F29BEA5B500DE609B /* womensBracket2023.plist */ = {isa = PBXFileReference; fileEncoding = 4; lastKnownFileType = text.plist.xml; path = womensBracket2023.plist; sourceTree = "<group>"; };
		D199087A2B996D6200A57746 /* ShootModeController.swift */ = {isa = PBXFileReference; lastKnownFileType = sourcecode.swift; path = ShootModeController.swift; sourceTree = "<group>"; };
		D199087C2B99703500A57746 /* SaveHelper.swift */ = {isa = PBXFileReference; lastKnownFileType = sourcecode.swift; path = SaveHelper.swift; sourceTree = "<group>"; };
		D1A3E0082B76F94D001E461A /* BracketHelper.swift */ = {isa = PBXFileReference; lastKnownFileType = sourcecode.swift; path = BracketHelper.swift; sourceTree = "<group>"; };
		D1A67BE329BD48E200E1D55B /* foam-madness-tests.xctest */ = {isa = PBXFileReference; explicitFileType = wrapper.cfbundle; includeInIndex = 0; path = "foam-madness-tests.xctest"; sourceTree = BUILT_PRODUCTS_DIR; };
		D1A67BE529BD48E200E1D55B /* foam_madness_bracket_file_tests.swift */ = {isa = PBXFileReference; lastKnownFileType = sourcecode.swift; path = foam_madness_bracket_file_tests.swift; sourceTree = "<group>"; };
		D1A67BEC29BD631D00E1D55B /* foam_madness_probability_file_test.swift */ = {isa = PBXFileReference; lastKnownFileType = sourcecode.swift; path = foam_madness_probability_file_test.swift; sourceTree = "<group>"; };
		D1A67BEE29BD6E4D00E1D55B /* foam_madness_teams_file_test.swift */ = {isa = PBXFileReference; lastKnownFileType = sourcecode.swift; path = foam_madness_teams_file_test.swift; sourceTree = "<group>"; };
		D1A8B19D2B9FD8A500354C9F /* MailHandler.swift */ = {isa = PBXFileReference; lastKnownFileType = sourcecode.swift; path = MailHandler.swift; sourceTree = "<group>"; };
		D1A8B19F2B9FF03100354C9F /* TournamentGameCell.swift */ = {isa = PBXFileReference; lastKnownFileType = sourcecode.swift; path = TournamentGameCell.swift; sourceTree = "<group>"; };
		D1C757A02B9A62C500817E1A /* TournamentStatsController.swift */ = {isa = PBXFileReference; lastKnownFileType = sourcecode.swift; path = TournamentStatsController.swift; sourceTree = "<group>"; };
		D1D4F9C22B97E4D0004B9C18 /* BracketCreationController.swift */ = {isa = PBXFileReference; lastKnownFileType = sourcecode.swift; path = BracketCreationController.swift; sourceTree = "<group>"; };
		D1E16E1028334BB0007280EC /* bracketIndex.plist */ = {isa = PBXFileReference; lastKnownFileType = text.plist.xml; path = bracketIndex.plist; sourceTree = "<group>"; };
		D1E16E12283354B0007280EC /* womensBracket2019.plist */ = {isa = PBXFileReference; fileEncoding = 4; lastKnownFileType = text.plist.xml; path = womensBracket2019.plist; sourceTree = "<group>"; };
		D1E16E13283354B0007280EC /* mensBracket2016.plist */ = {isa = PBXFileReference; fileEncoding = 4; lastKnownFileType = text.plist.xml; path = mensBracket2016.plist; sourceTree = "<group>"; };
		D1E16E14283354B0007280EC /* mensBracket2017.plist */ = {isa = PBXFileReference; fileEncoding = 4; lastKnownFileType = text.plist.xml; path = mensBracket2017.plist; sourceTree = "<group>"; };
		D1E16E15283354B0007280EC /* womensBracket2017.plist */ = {isa = PBXFileReference; fileEncoding = 4; lastKnownFileType = text.plist.xml; path = womensBracket2017.plist; sourceTree = "<group>"; };
		D1E16E16283354B0007280EC /* womensBracket2015.plist */ = {isa = PBXFileReference; fileEncoding = 4; lastKnownFileType = text.plist.xml; path = womensBracket2015.plist; sourceTree = "<group>"; };
		D1E16E17283354B0007280EC /* womensBracket2018.plist */ = {isa = PBXFileReference; fileEncoding = 4; lastKnownFileType = text.plist.xml; path = womensBracket2018.plist; sourceTree = "<group>"; };
		D1E16E18283354B0007280EC /* mensBracket2015.plist */ = {isa = PBXFileReference; fileEncoding = 4; lastKnownFileType = text.plist.xml; path = mensBracket2015.plist; sourceTree = "<group>"; };
		D1E16E19283354B0007280EC /* mensBracket2019.plist */ = {isa = PBXFileReference; fileEncoding = 4; lastKnownFileType = text.plist.xml; path = mensBracket2019.plist; sourceTree = "<group>"; };
		D1E16E1A283354B0007280EC /* mensBracket2018.plist */ = {isa = PBXFileReference; fileEncoding = 4; lastKnownFileType = text.plist.xml; path = mensBracket2018.plist; sourceTree = "<group>"; };
		D1E16E1B283354B0007280EC /* womensBracket2016.plist */ = {isa = PBXFileReference; fileEncoding = 4; lastKnownFileType = text.plist.xml; path = womensBracket2016.plist; sourceTree = "<group>"; };
/* End PBXFileReference section */

/* Begin PBXFrameworksBuildPhase section */
		7A2ECEE2242EDE920065E369 /* Frameworks */ = {
			isa = PBXFrameworksBuildPhase;
			buildActionMask = 2147483647;
			files = (
			);
			runOnlyForDeploymentPostprocessing = 0;
		};
		D1A67BE029BD48E200E1D55B /* Frameworks */ = {
			isa = PBXFrameworksBuildPhase;
			buildActionMask = 2147483647;
			files = (
			);
			runOnlyForDeploymentPostprocessing = 0;
		};
/* End PBXFrameworksBuildPhase section */

/* Begin PBXGroup section */
		7A2D2E3C262E78A000AB5935 /* Helpers */ = {
			isa = PBXGroup;
			children = (
				7AF31A852431267400DF1605 /* GameHelper.swift */,
				7A10A5F6243847B10070302F /* TourneyHelper.swift */,
				7A2D2E3E262E7FBE00AB5935 /* SimHelper.swift */,
				7A2D2E41262E81DB00AB5935 /* ProbabilityHelper.swift */,
				D14720192B60D6FC00453304 /* TeamHelper.swift */,
				D1A3E0082B76F94D001E461A /* BracketHelper.swift */,
				D199087C2B99703500A57746 /* SaveHelper.swift */,
			);
			path = Helpers;
			sourceTree = "<group>";
		};
		7A2ECEDC242EDE920065E369 = {
			isa = PBXGroup;
			children = (
				7A2ECEE7242EDE920065E369 /* foam-madness */,
				D1A67BE429BD48E200E1D55B /* foam-madness-tests */,
				7A2ECEE6242EDE920065E369 /* Products */,
			);
			sourceTree = "<group>";
		};
		7A2ECEE6242EDE920065E369 /* Products */ = {
			isa = PBXGroup;
			children = (
				7A2ECEE5242EDE920065E369 /* foam-madness.app */,
				D1A67BE329BD48E200E1D55B /* foam-madness-tests.xctest */,
			);
			name = Products;
			sourceTree = "<group>";
		};
		7A2ECEE7242EDE920065E369 /* foam-madness */ = {
			isa = PBXGroup;
			children = (
				D14C59E627DECEC0001378F1 /* brackets */,
				7A2ECEFC242EDED20065E369 /* Controller */,
				D1A8B19C2B9FD87E00354C9F /* Mail */,
				7A2ECEFA242EDEB00065E369 /* Model */,
				D1386BDA2B9292DA006C676C /* Navigation */,
				7A2ECEFB242EDEBF0065E369 /* View */,
				7A2ECEF4242EDE930065E369 /* Info.plist */,
				D14C59E727DECEC9001378F1 /* probabilities */,
				7AEAB8092433086C009E7CC1 /* teams.plist */,
			);
			path = "foam-madness";
			sourceTree = "<group>";
		};
		7A2ECEFA242EDEB00065E369 /* Model */ = {
			isa = PBXGroup;
			children = (
				7ACBCB35250EC71400EBA5B1 /* Live Games API */,
				7A494BC1243041C20042173A /* foam-madness.xcdatamodeld */,
				7A494BC4243046A50042173A /* DataController.swift */,
				D14720172B60D22500453304 /* PreviewDataController.swift */,
				7AEFD6662514704E007BB16B /* ABOUT.rtf */,
			);
			path = Model;
			sourceTree = "<group>";
		};
		7A2ECEFB242EDEBF0065E369 /* View */ = {
			isa = PBXGroup;
			children = (
				D15865932B575EB9009E486A /* Button */,
				D15865702B574D0D009E486A /* Game */,
				D15865712B574D12009E486A /* Live */,
				D158656D2B574CFC009E486A /* Menu */,
				D158656E2B574D01009E486A /* Team */,
				D158656F2B574D07009E486A /* Tournament */,
				7A2ECEEF242EDE930065E369 /* Assets.xcassets */,
				7A2ECEF1242EDE930065E369 /* LaunchScreen.storyboard */,
			);
			path = View;
			sourceTree = "<group>";
		};
		7A2ECEFC242EDED20065E369 /* Controller */ = {
			isa = PBXGroup;
			children = (
				D1D4F9C12B97E471004B9C18 /* NewControllers */,
				7A771E59250D9B81009FE9EA /* Live Games */,
				7A2ECEE8242EDE920065E369 /* AppDelegate.swift */,
				7A2D2E3C262E78A000AB5935 /* Helpers */,
			);
			path = Controller;
			sourceTree = "<group>";
		};
		7A771E59250D9B81009FE9EA /* Live Games */ = {
			isa = PBXGroup;
			children = (
				7A771E5A250D9BDD009FE9EA /* LiveGameCollectionViewCell.swift */,
				7A771E5C250DA571009FE9EA /* LiveGameCollectionViewController.swift */,
			);
			path = "Live Games";
			sourceTree = "<group>";
		};
		7ACBCB35250EC71400EBA5B1 /* Live Games API */ = {
			isa = PBXGroup;
			children = (
				7ACBCB36250EC73900EBA5B1 /* APIClient.swift */,
				7ACBCB38250EC7DA00EBA5B1 /* LiveGamesResponse.swift */,
				7ACBCB3A250EC7FC00EBA5B1 /* ErrorResponse.swift */,
			);
			path = "Live Games API";
			sourceTree = "<group>";
		};
		D1386BDA2B9292DA006C676C /* Navigation */ = {
			isa = PBXGroup;
			children = (
				D1386BDD2B929752006C676C /* NavigationUtil.swift */,
			);
			path = Navigation;
			sourceTree = "<group>";
		};
		D14C59E627DECEC0001378F1 /* brackets */ = {
			isa = PBXGroup;
			children = (
				D1E16E18283354B0007280EC /* mensBracket2015.plist */,
				D1E16E13283354B0007280EC /* mensBracket2016.plist */,
				D1E16E14283354B0007280EC /* mensBracket2017.plist */,
				D1E16E1A283354B0007280EC /* mensBracket2018.plist */,
				D1E16E19283354B0007280EC /* mensBracket2019.plist */,
				7AEAB80A2433086C009E7CC1 /* bracketology2020.plist */,
				7A916BD725EDE5D4007E8714 /* mensBracket2021.plist */,
				D14C59E827DED2FE001378F1 /* mensBracket2022.plist */,
				D18D756D29BEA5AC00DE609B /* mensBracket2023.plist */,
				D1E16E16283354B0007280EC /* womensBracket2015.plist */,
				D1E16E1B283354B0007280EC /* womensBracket2016.plist */,
				D1E16E15283354B0007280EC /* womensBracket2017.plist */,
				D1E16E17283354B0007280EC /* womensBracket2018.plist */,
				D1E16E12283354B0007280EC /* womensBracket2019.plist */,
				7AECF9C7245E779E0037E126 /* womensBracketology2020.plist */,
				7A916BD625EDE5D4007E8714 /* womensBracket2021.plist */,
				D14C59EA27DED30F001378F1 /* womensBracket2022.plist */,
				D18D756F29BEA5B500DE609B /* womensBracket2023.plist */,
				D1E16E1028334BB0007280EC /* bracketIndex.plist */,
			);
			path = brackets;
			sourceTree = "<group>";
		};
		D14C59E727DECEC9001378F1 /* probabilities */ = {
			isa = PBXGroup;
			children = (
				7AD7BC1224315125006F0AF0 /* historicalProbabilities.plist */,
				7A1B9C9C245A9A22005B40D3 /* historicalProbabilitiesWomen.plist */,
			);
			path = probabilities;
			sourceTree = "<group>";
		};
		D158656D2B574CFC009E486A /* Menu */ = {
			isa = PBXGroup;
			children = (
				D15865752B574D61009E486A /* AboutView.swift */,
				D15865722B574D4D009E486A /* MenuView.swift */,
			);
			path = Menu;
			sourceTree = "<group>";
		};
		D158656E2B574D01009E486A /* Team */ = {
			isa = PBXGroup;
			children = (
				D158657B2B574FB9009E486A /* SelectTeamsView.swift */,
			);
			path = Team;
			sourceTree = "<group>";
		};
		D158656F2B574D07009E486A /* Tournament */ = {
			isa = PBXGroup;
			children = (
				D15865872B575176009E486A /* SelectInitialBracketView.swift */,
				D15865892B575185009E486A /* BracketCreationView.swift */,
				D1A8B19F2B9FF03100354C9F /* TournamentGameCell.swift */,
				D158658B2B575197009E486A /* TournamentGamesView.swift */,
				D158658F2B5751BE009E486A /* SelectTournamentView.swift */,
				D15865912B5751CE009E486A /* TournamentStatsView.swift */,
			);
			path = Tournament;
			sourceTree = "<group>";
		};
		D15865702B574D0D009E486A /* Game */ = {
			isa = PBXGroup;
			children = (
				D158657D2B5750E7009E486A /* PlayGameView.swift */,
				D158657F2B5750F9009E486A /* ShootModeView.swift */,
				D15865812B57510D009E486A /* GameScoreView.swift */,
				D15865832B575118009E486A /* GameStatsView.swift */,
			);
			path = Game;
			sourceTree = "<group>";
		};
		D15865712B574D12009E486A /* Live */ = {
			isa = PBXGroup;
			children = (
				D15865772B574F58009E486A /* LiveGamesView.swift */,
				D15865792B574F94009E486A /* LiveGamesCell.swift */,
			);
			path = Live;
			sourceTree = "<group>";
		};
		D15865932B575EB9009E486A /* Button */ = {
			isa = PBXGroup;
			children = (
				D15865942B575ECE009E486A /* PrimaryButtonStyle.swift */,
			);
			path = Button;
			sourceTree = "<group>";
		};
		D1A67BE429BD48E200E1D55B /* foam-madness-tests */ = {
			isa = PBXGroup;
			children = (
				D1A67BEE29BD6E4D00E1D55B /* foam_madness_teams_file_test.swift */,
				D1A67BEC29BD631D00E1D55B /* foam_madness_probability_file_test.swift */,
				D1A67BE529BD48E200E1D55B /* foam_madness_bracket_file_tests.swift */,
			);
			path = "foam-madness-tests";
			sourceTree = "<group>";
		};
		D1A8B19C2B9FD87E00354C9F /* Mail */ = {
			isa = PBXGroup;
			children = (
				D1A8B19D2B9FD8A500354C9F /* MailHandler.swift */,
			);
			path = Mail;
			sourceTree = "<group>";
		};
		D1D4F9C12B97E471004B9C18 /* NewControllers */ = {
			isa = PBXGroup;
			children = (
				D1D4F9C22B97E4D0004B9C18 /* BracketCreationController.swift */,
				D199087A2B996D6200A57746 /* ShootModeController.swift */,
				D1C757A02B9A62C500817E1A /* TournamentStatsController.swift */,
				D158B32C2B9A96720002D2F6 /* GameStatsController.swift */,
			);
			path = NewControllers;
			sourceTree = "<group>";
		};
/* End PBXGroup section */

/* Begin PBXNativeTarget section */
		7A2ECEE4242EDE920065E369 /* foam-madness */ = {
			isa = PBXNativeTarget;
			buildConfigurationList = 7A2ECEF7242EDE930065E369 /* Build configuration list for PBXNativeTarget "foam-madness" */;
			buildPhases = (
				7A2ECEE1242EDE920065E369 /* Sources */,
				7A2ECEE2242EDE920065E369 /* Frameworks */,
				7A2ECEE3242EDE920065E369 /* Resources */,
			);
			buildRules = (
			);
			dependencies = (
			);
			name = "foam-madness";
			productName = "foam-madness";
			productReference = 7A2ECEE5242EDE920065E369 /* foam-madness.app */;
			productType = "com.apple.product-type.application";
		};
		D1A67BE229BD48E200E1D55B /* foam-madness-tests */ = {
			isa = PBXNativeTarget;
			buildConfigurationList = D1A67BE929BD48E200E1D55B /* Build configuration list for PBXNativeTarget "foam-madness-tests" */;
			buildPhases = (
				D1A67BDF29BD48E200E1D55B /* Sources */,
				D1A67BE029BD48E200E1D55B /* Frameworks */,
				D1A67BE129BD48E200E1D55B /* Resources */,
			);
			buildRules = (
			);
			dependencies = (
				D1A67BE829BD48E200E1D55B /* PBXTargetDependency */,
			);
			name = "foam-madness-tests";
			productName = "foam-madness-tests";
			productReference = D1A67BE329BD48E200E1D55B /* foam-madness-tests.xctest */;
			productType = "com.apple.product-type.bundle.unit-test";
		};
/* End PBXNativeTarget section */

/* Begin PBXProject section */
		7A2ECEDD242EDE920065E369 /* Project object */ = {
			isa = PBXProject;
			attributes = {
				BuildIndependentTargetsInParallel = YES;
				LastSwiftUpdateCheck = 1420;
				LastUpgradeCheck = 1520;
				ORGANIZATIONNAME = mvirgo;
				TargetAttributes = {
					7A2ECEE4242EDE920065E369 = {
						CreatedOnToolsVersion = 10.1;
					};
					D1A67BE229BD48E200E1D55B = {
						CreatedOnToolsVersion = 14.2;
						TestTargetID = 7A2ECEE4242EDE920065E369;
					};
				};
			};
			buildConfigurationList = 7A2ECEE0242EDE920065E369 /* Build configuration list for PBXProject "foam-madness" */;
			compatibilityVersion = "Xcode 9.3";
			developmentRegion = en;
			hasScannedForEncodings = 0;
			knownRegions = (
				en,
				Base,
			);
			mainGroup = 7A2ECEDC242EDE920065E369;
			productRefGroup = 7A2ECEE6242EDE920065E369 /* Products */;
			projectDirPath = "";
			projectRoot = "";
			targets = (
				7A2ECEE4242EDE920065E369 /* foam-madness */,
				D1A67BE229BD48E200E1D55B /* foam-madness-tests */,
			);
		};
/* End PBXProject section */

/* Begin PBXResourcesBuildPhase section */
		7A2ECEE3242EDE920065E369 /* Resources */ = {
			isa = PBXResourcesBuildPhase;
			buildActionMask = 2147483647;
			files = (
				D1E16E20283354B0007280EC /* womensBracket2015.plist in Resources */,
				D1E16E1128334BB0007280EC /* bracketIndex.plist in Resources */,
				7AEAB80B2433086C009E7CC1 /* teams.plist in Resources */,
				7AECF9C8245E779E0037E126 /* womensBracketology2020.plist in Resources */,
				7A2ECEF3242EDE930065E369 /* LaunchScreen.storyboard in Resources */,
				D1E16E22283354B0007280EC /* mensBracket2015.plist in Resources */,
				D1E16E21283354B0007280EC /* womensBracket2018.plist in Resources */,
				D1E16E25283354B0007280EC /* womensBracket2016.plist in Resources */,
				7A2ECEF0242EDE930065E369 /* Assets.xcassets in Resources */,
				D18D756E29BEA5AC00DE609B /* mensBracket2023.plist in Resources */,
				D1E16E23283354B0007280EC /* mensBracket2019.plist in Resources */,
				7AD7BC1324315125006F0AF0 /* historicalProbabilities.plist in Resources */,
				7A916BD925EDE5D5007E8714 /* mensBracket2021.plist in Resources */,
				D1E16E1E283354B0007280EC /* mensBracket2017.plist in Resources */,
				D1E16E1D283354B0007280EC /* mensBracket2016.plist in Resources */,
				7AEAB80C2433086C009E7CC1 /* bracketology2020.plist in Resources */,
				D14C59EB27DED30F001378F1 /* womensBracket2022.plist in Resources */,
				D1E16E1C283354B0007280EC /* womensBracket2019.plist in Resources */,
				D14C59E927DED2FE001378F1 /* mensBracket2022.plist in Resources */,
				D1E16E1F283354B0007280EC /* womensBracket2017.plist in Resources */,
				7AEFD6672514704E007BB16B /* ABOUT.rtf in Resources */,
				D1E16E24283354B0007280EC /* mensBracket2018.plist in Resources */,
				7A1B9C9D245A9A22005B40D3 /* historicalProbabilitiesWomen.plist in Resources */,
				7A916BD825EDE5D5007E8714 /* womensBracket2021.plist in Resources */,
				D18D757029BEA5B500DE609B /* womensBracket2023.plist in Resources */,
			);
			runOnlyForDeploymentPostprocessing = 0;
		};
		D1A67BE129BD48E200E1D55B /* Resources */ = {
			isa = PBXResourcesBuildPhase;
			buildActionMask = 2147483647;
			files = (
			);
			runOnlyForDeploymentPostprocessing = 0;
		};
/* End PBXResourcesBuildPhase section */

/* Begin PBXSourcesBuildPhase section */
		7A2ECEE1242EDE920065E369 /* Sources */ = {
			isa = PBXSourcesBuildPhase;
			buildActionMask = 2147483647;
			files = (
				7A494BC5243046A50042173A /* DataController.swift in Sources */,
				D14720182B60D22500453304 /* PreviewDataController.swift in Sources */,
				D15865762B574D61009E486A /* AboutView.swift in Sources */,
				D1A8B19E2B9FD8A500354C9F /* MailHandler.swift in Sources */,
				D15865922B5751CE009E486A /* TournamentStatsView.swift in Sources */,
				D158657C2B574FB9009E486A /* SelectTeamsView.swift in Sources */,
				7A494BC3243041C20042173A /* foam-madness.xcdatamodeld in Sources */,
				D199087B2B996D6200A57746 /* ShootModeController.swift in Sources */,
				D1C757A12B9A62C500817E1A /* TournamentStatsController.swift in Sources */,
				D15865802B5750F9009E486A /* ShootModeView.swift in Sources */,
				D158657A2B574F94009E486A /* LiveGamesCell.swift in Sources */,
				7ACBCB3B250EC7FC00EBA5B1 /* ErrorResponse.swift in Sources */,
				D15865882B575176009E486A /* SelectInitialBracketView.swift in Sources */,
				D158B32D2B9A96720002D2F6 /* GameStatsController.swift in Sources */,
				7ACBCB37250EC73900EBA5B1 /* APIClient.swift in Sources */,
				7A771E5D250DA571009FE9EA /* LiveGameCollectionViewController.swift in Sources */,
				D15865732B574D4D009E486A /* MenuView.swift in Sources */,
				D1A8B1A02B9FF03100354C9F /* TournamentGameCell.swift in Sources */,
				D15865902B5751BE009E486A /* SelectTournamentView.swift in Sources */,
				D15865782B574F58009E486A /* LiveGamesView.swift in Sources */,
				7A2D2E42262E81DB00AB5935 /* ProbabilityHelper.swift in Sources */,
				D158658A2B575185009E486A /* BracketCreationView.swift in Sources */,
				7ACBCB39250EC7DA00EBA5B1 /* LiveGamesResponse.swift in Sources */,
				D1A3E0092B76F94D001E461A /* BracketHelper.swift in Sources */,
				7A10A5F7243847B10070302F /* TourneyHelper.swift in Sources */,
				D147201A2B60D6FC00453304 /* TeamHelper.swift in Sources */,
				D199087D2B99703500A57746 /* SaveHelper.swift in Sources */,
				D1D4F9C32B97E4D0004B9C18 /* BracketCreationController.swift in Sources */,
				7A771E5B250D9BDD009FE9EA /* LiveGameCollectionViewCell.swift in Sources */,
				D158657E2B5750E7009E486A /* PlayGameView.swift in Sources */,
				7AF31A862431267400DF1605 /* GameHelper.swift in Sources */,
				D15865842B575118009E486A /* GameStatsView.swift in Sources */,
				D1386BDE2B929752006C676C /* NavigationUtil.swift in Sources */,
				D15865952B575ECE009E486A /* PrimaryButtonStyle.swift in Sources */,
				7A2ECEE9242EDE920065E369 /* AppDelegate.swift in Sources */,
				D158658C2B575197009E486A /* TournamentGamesView.swift in Sources */,
				7A2D2E3F262E7FBE00AB5935 /* SimHelper.swift in Sources */,
				D15865822B57510D009E486A /* GameScoreView.swift in Sources */,
			);
			runOnlyForDeploymentPostprocessing = 0;
		};
		D1A67BDF29BD48E200E1D55B /* Sources */ = {
			isa = PBXSourcesBuildPhase;
			buildActionMask = 2147483647;
			files = (
				D1A67BEF29BD6E4D00E1D55B /* foam_madness_teams_file_test.swift in Sources */,
				D1A67BED29BD631D00E1D55B /* foam_madness_probability_file_test.swift in Sources */,
				D1A67BE629BD48E200E1D55B /* foam_madness_bracket_file_tests.swift in Sources */,
			);
			runOnlyForDeploymentPostprocessing = 0;
		};
/* End PBXSourcesBuildPhase section */

/* Begin PBXTargetDependency section */
		D1A67BE829BD48E200E1D55B /* PBXTargetDependency */ = {
			isa = PBXTargetDependency;
			target = 7A2ECEE4242EDE920065E369 /* foam-madness */;
			targetProxy = D1A67BE729BD48E200E1D55B /* PBXContainerItemProxy */;
		};
/* End PBXTargetDependency section */

/* Begin PBXVariantGroup section */
		7A2ECEF1242EDE930065E369 /* LaunchScreen.storyboard */ = {
			isa = PBXVariantGroup;
			children = (
				7A2ECEF2242EDE930065E369 /* Base */,
			);
			name = LaunchScreen.storyboard;
			sourceTree = "<group>";
		};
/* End PBXVariantGroup section */

/* Begin XCBuildConfiguration section */
		7A2ECEF5242EDE930065E369 /* Debug */ = {
			isa = XCBuildConfiguration;
			buildSettings = {
				ALWAYS_SEARCH_USER_PATHS = NO;
				CLANG_ANALYZER_NONNULL = YES;
				CLANG_ANALYZER_NUMBER_OBJECT_CONVERSION = YES_AGGRESSIVE;
				CLANG_CXX_LANGUAGE_STANDARD = "gnu++14";
				CLANG_CXX_LIBRARY = "libc++";
				CLANG_ENABLE_MODULES = YES;
				CLANG_ENABLE_OBJC_ARC = YES;
				CLANG_ENABLE_OBJC_WEAK = YES;
				CLANG_WARN_BLOCK_CAPTURE_AUTORELEASING = YES;
				CLANG_WARN_BOOL_CONVERSION = YES;
				CLANG_WARN_COMMA = YES;
				CLANG_WARN_CONSTANT_CONVERSION = YES;
				CLANG_WARN_DEPRECATED_OBJC_IMPLEMENTATIONS = YES;
				CLANG_WARN_DIRECT_OBJC_ISA_USAGE = YES_ERROR;
				CLANG_WARN_DOCUMENTATION_COMMENTS = YES;
				CLANG_WARN_EMPTY_BODY = YES;
				CLANG_WARN_ENUM_CONVERSION = YES;
				CLANG_WARN_INFINITE_RECURSION = YES;
				CLANG_WARN_INT_CONVERSION = YES;
				CLANG_WARN_NON_LITERAL_NULL_CONVERSION = YES;
				CLANG_WARN_OBJC_IMPLICIT_RETAIN_SELF = YES;
				CLANG_WARN_OBJC_LITERAL_CONVERSION = YES;
				CLANG_WARN_OBJC_ROOT_CLASS = YES_ERROR;
				CLANG_WARN_QUOTED_INCLUDE_IN_FRAMEWORK_HEADER = YES;
				CLANG_WARN_RANGE_LOOP_ANALYSIS = YES;
				CLANG_WARN_STRICT_PROTOTYPES = YES;
				CLANG_WARN_SUSPICIOUS_MOVE = YES;
				CLANG_WARN_UNGUARDED_AVAILABILITY = YES_AGGRESSIVE;
				CLANG_WARN_UNREACHABLE_CODE = YES;
				CLANG_WARN__DUPLICATE_METHOD_MATCH = YES;
				CODE_SIGN_IDENTITY = "iPhone Developer";
				COPY_PHASE_STRIP = NO;
				DEBUG_INFORMATION_FORMAT = dwarf;
				ENABLE_STRICT_OBJC_MSGSEND = YES;
				ENABLE_TESTABILITY = YES;
				ENABLE_USER_SCRIPT_SANDBOXING = YES;
				GCC_C_LANGUAGE_STANDARD = gnu11;
				GCC_DYNAMIC_NO_PIC = NO;
				GCC_NO_COMMON_BLOCKS = YES;
				GCC_OPTIMIZATION_LEVEL = 0;
				GCC_PREPROCESSOR_DEFINITIONS = (
					"DEBUG=1",
					"$(inherited)",
				);
				GCC_WARN_64_TO_32_BIT_CONVERSION = YES;
				GCC_WARN_ABOUT_RETURN_TYPE = YES_ERROR;
				GCC_WARN_UNDECLARED_SELECTOR = YES;
				GCC_WARN_UNINITIALIZED_AUTOS = YES_AGGRESSIVE;
				GCC_WARN_UNUSED_FUNCTION = YES;
				GCC_WARN_UNUSED_VARIABLE = YES;
				IPHONEOS_DEPLOYMENT_TARGET = 14.0;
				MTL_ENABLE_DEBUG_INFO = INCLUDE_SOURCE;
				MTL_FAST_MATH = YES;
				ONLY_ACTIVE_ARCH = YES;
				SDKROOT = iphoneos;
				SWIFT_ACTIVE_COMPILATION_CONDITIONS = DEBUG;
				SWIFT_OPTIMIZATION_LEVEL = "-Onone";
				SWIFT_VERSION = 5.0;
			};
			name = Debug;
		};
		7A2ECEF6242EDE930065E369 /* Release */ = {
			isa = XCBuildConfiguration;
			buildSettings = {
				ALWAYS_SEARCH_USER_PATHS = NO;
				CLANG_ANALYZER_NONNULL = YES;
				CLANG_ANALYZER_NUMBER_OBJECT_CONVERSION = YES_AGGRESSIVE;
				CLANG_CXX_LANGUAGE_STANDARD = "gnu++14";
				CLANG_CXX_LIBRARY = "libc++";
				CLANG_ENABLE_MODULES = YES;
				CLANG_ENABLE_OBJC_ARC = YES;
				CLANG_ENABLE_OBJC_WEAK = YES;
				CLANG_WARN_BLOCK_CAPTURE_AUTORELEASING = YES;
				CLANG_WARN_BOOL_CONVERSION = YES;
				CLANG_WARN_COMMA = YES;
				CLANG_WARN_CONSTANT_CONVERSION = YES;
				CLANG_WARN_DEPRECATED_OBJC_IMPLEMENTATIONS = YES;
				CLANG_WARN_DIRECT_OBJC_ISA_USAGE = YES_ERROR;
				CLANG_WARN_DOCUMENTATION_COMMENTS = YES;
				CLANG_WARN_EMPTY_BODY = YES;
				CLANG_WARN_ENUM_CONVERSION = YES;
				CLANG_WARN_INFINITE_RECURSION = YES;
				CLANG_WARN_INT_CONVERSION = YES;
				CLANG_WARN_NON_LITERAL_NULL_CONVERSION = YES;
				CLANG_WARN_OBJC_IMPLICIT_RETAIN_SELF = YES;
				CLANG_WARN_OBJC_LITERAL_CONVERSION = YES;
				CLANG_WARN_OBJC_ROOT_CLASS = YES_ERROR;
				CLANG_WARN_QUOTED_INCLUDE_IN_FRAMEWORK_HEADER = YES;
				CLANG_WARN_RANGE_LOOP_ANALYSIS = YES;
				CLANG_WARN_STRICT_PROTOTYPES = YES;
				CLANG_WARN_SUSPICIOUS_MOVE = YES;
				CLANG_WARN_UNGUARDED_AVAILABILITY = YES_AGGRESSIVE;
				CLANG_WARN_UNREACHABLE_CODE = YES;
				CLANG_WARN__DUPLICATE_METHOD_MATCH = YES;
				CODE_SIGN_IDENTITY = "iPhone Developer";
				COPY_PHASE_STRIP = NO;
				DEBUG_INFORMATION_FORMAT = "dwarf-with-dsym";
				ENABLE_NS_ASSERTIONS = NO;
				ENABLE_STRICT_OBJC_MSGSEND = YES;
				ENABLE_USER_SCRIPT_SANDBOXING = YES;
				GCC_C_LANGUAGE_STANDARD = gnu11;
				GCC_NO_COMMON_BLOCKS = YES;
				GCC_WARN_64_TO_32_BIT_CONVERSION = YES;
				GCC_WARN_ABOUT_RETURN_TYPE = YES_ERROR;
				GCC_WARN_UNDECLARED_SELECTOR = YES;
				GCC_WARN_UNINITIALIZED_AUTOS = YES_AGGRESSIVE;
				GCC_WARN_UNUSED_FUNCTION = YES;
				GCC_WARN_UNUSED_VARIABLE = YES;
				IPHONEOS_DEPLOYMENT_TARGET = 14.0;
				MTL_ENABLE_DEBUG_INFO = NO;
				MTL_FAST_MATH = YES;
				SDKROOT = iphoneos;
				SWIFT_COMPILATION_MODE = wholemodule;
				SWIFT_OPTIMIZATION_LEVEL = "-O";
				SWIFT_VERSION = 5.0;
				VALIDATE_PRODUCT = YES;
			};
			name = Release;
		};
		7A2ECEF8242EDE930065E369 /* Debug */ = {
			isa = XCBuildConfiguration;
			buildSettings = {
				ASSETCATALOG_COMPILER_APPICON_NAME = AppIcon;
				CODE_SIGN_STYLE = Automatic;
				CURRENT_PROJECT_VERSION = 11;
				DEVELOPMENT_TEAM = 5X3GA242G5;
				INFOPLIST_FILE = "foam-madness/Info.plist";
				IPHONEOS_DEPLOYMENT_TARGET = 14.0;
				LD_RUNPATH_SEARCH_PATHS = (
					"$(inherited)",
					"@executable_path/Frameworks",
				);
				MARKETING_VERSION = 1.7;
				PRODUCT_BUNDLE_IDENTIFIER = "com.mvirgo.foam-madness";
				PRODUCT_NAME = "$(TARGET_NAME)";
				SWIFT_VERSION = 5.0;
				TARGETED_DEVICE_FAMILY = 1;
			};
			name = Debug;
		};
		7A2ECEF9242EDE930065E369 /* Release */ = {
			isa = XCBuildConfiguration;
			buildSettings = {
				ASSETCATALOG_COMPILER_APPICON_NAME = AppIcon;
				CODE_SIGN_STYLE = Automatic;
				CURRENT_PROJECT_VERSION = 11;
				DEVELOPMENT_TEAM = 5X3GA242G5;
				INFOPLIST_FILE = "foam-madness/Info.plist";
				IPHONEOS_DEPLOYMENT_TARGET = 14.0;
				LD_RUNPATH_SEARCH_PATHS = (
					"$(inherited)",
					"@executable_path/Frameworks",
				);
				MARKETING_VERSION = 1.7;
				PRODUCT_BUNDLE_IDENTIFIER = "com.mvirgo.foam-madness";
				PRODUCT_NAME = "$(TARGET_NAME)";
				SWIFT_VERSION = 5.0;
				TARGETED_DEVICE_FAMILY = 1;
			};
			name = Release;
		};
		D1A67BEA29BD48E200E1D55B /* Debug */ = {
			isa = XCBuildConfiguration;
			buildSettings = {
				BUNDLE_LOADER = "$(TEST_HOST)";
				CLANG_CXX_LANGUAGE_STANDARD = "gnu++20";
				CODE_SIGN_STYLE = Automatic;
				CURRENT_PROJECT_VERSION = 1;
				DEAD_CODE_STRIPPING = YES;
				DEVELOPMENT_TEAM = 5X3GA242G5;
				GENERATE_INFOPLIST_FILE = YES;
				IPHONEOS_DEPLOYMENT_TARGET = 16.2;
				MACOSX_DEPLOYMENT_TARGET = 13.1;
				MARKETING_VERSION = 1.0;
				PRODUCT_BUNDLE_IDENTIFIER = "com.virgo.foam-madness-tests";
				PRODUCT_NAME = "$(TARGET_NAME)";
				SDKROOT = auto;
				SUPPORTED_PLATFORMS = "iphoneos iphonesimulator macosx";
				SWIFT_EMIT_LOC_STRINGS = NO;
				SWIFT_VERSION = 5.0;
				TARGETED_DEVICE_FAMILY = "1,2";
				TEST_HOST = "$(BUILT_PRODUCTS_DIR)/foam-madness.app/$(BUNDLE_EXECUTABLE_FOLDER_PATH)/foam-madness";
			};
			name = Debug;
		};
		D1A67BEB29BD48E200E1D55B /* Release */ = {
			isa = XCBuildConfiguration;
			buildSettings = {
				BUNDLE_LOADER = "$(TEST_HOST)";
				CLANG_CXX_LANGUAGE_STANDARD = "gnu++20";
				CODE_SIGN_STYLE = Automatic;
				CURRENT_PROJECT_VERSION = 1;
				DEAD_CODE_STRIPPING = YES;
				DEVELOPMENT_TEAM = 5X3GA242G5;
				GENERATE_INFOPLIST_FILE = YES;
				IPHONEOS_DEPLOYMENT_TARGET = 16.2;
				MACOSX_DEPLOYMENT_TARGET = 13.1;
				MARKETING_VERSION = 1.0;
				PRODUCT_BUNDLE_IDENTIFIER = "com.virgo.foam-madness-tests";
				PRODUCT_NAME = "$(TARGET_NAME)";
				SDKROOT = auto;
				SUPPORTED_PLATFORMS = "iphoneos iphonesimulator macosx";
				SWIFT_EMIT_LOC_STRINGS = NO;
				SWIFT_VERSION = 5.0;
				TARGETED_DEVICE_FAMILY = "1,2";
				TEST_HOST = "$(BUILT_PRODUCTS_DIR)/foam-madness.app/$(BUNDLE_EXECUTABLE_FOLDER_PATH)/foam-madness";
			};
			name = Release;
		};
/* End XCBuildConfiguration section */

/* Begin XCConfigurationList section */
		7A2ECEE0242EDE920065E369 /* Build configuration list for PBXProject "foam-madness" */ = {
			isa = XCConfigurationList;
			buildConfigurations = (
				7A2ECEF5242EDE930065E369 /* Debug */,
				7A2ECEF6242EDE930065E369 /* Release */,
			);
			defaultConfigurationIsVisible = 0;
			defaultConfigurationName = Release;
		};
		7A2ECEF7242EDE930065E369 /* Build configuration list for PBXNativeTarget "foam-madness" */ = {
			isa = XCConfigurationList;
			buildConfigurations = (
				7A2ECEF8242EDE930065E369 /* Debug */,
				7A2ECEF9242EDE930065E369 /* Release */,
			);
			defaultConfigurationIsVisible = 0;
			defaultConfigurationName = Release;
		};
		D1A67BE929BD48E200E1D55B /* Build configuration list for PBXNativeTarget "foam-madness-tests" */ = {
			isa = XCConfigurationList;
			buildConfigurations = (
				D1A67BEA29BD48E200E1D55B /* Debug */,
				D1A67BEB29BD48E200E1D55B /* Release */,
			);
			defaultConfigurationIsVisible = 0;
			defaultConfigurationName = Release;
		};
/* End XCConfigurationList section */

/* Begin XCVersionGroup section */
		7A494BC1243041C20042173A /* foam-madness.xcdatamodeld */ = {
			isa = XCVersionGroup;
			children = (
				7ABF40392456A55600A18B3F /* foam-madness-v3.xcdatamodel */,
				7A73579E243ED4A800691B26 /* foam-madness-v2.xcdatamodel */,
				7A494BC2243041C20042173A /* foam-madness.xcdatamodel */,
			);
			currentVersion = 7ABF40392456A55600A18B3F /* foam-madness-v3.xcdatamodel */;
			path = "foam-madness.xcdatamodeld";
			sourceTree = "<group>";
			versionGroupType = wrapper.xcdatamodel;
		};
/* End XCVersionGroup section */
	};
	rootObject = 7A2ECEDD242EDE920065E369 /* Project object */;
}
