// !$*UTF8*$!
{
	archiveVersion = 1;
	classes = {
	};
	objectVersion = 50;
	objects = {

/* Begin PBXBuildFile section */
		7A0A42502441A1C50096A7D6 /* TournamentStatsViewController.swift in Sources */ = {isa = PBXBuildFile; fileRef = 7A0A424F2441A1C50096A7D6 /* TournamentStatsViewController.swift */; };
		7A10A5F3243838D80070302F /* TournamentGamesViewController.swift in Sources */ = {isa = PBXBuildFile; fileRef = 7A10A5F2243838D80070302F /* TournamentGamesViewController.swift */; };
		7A10A5F524383F970070302F /* SelectTournamentViewController.swift in Sources */ = {isa = PBXBuildFile; fileRef = 7A10A5F424383F970070302F /* SelectTournamentViewController.swift */; };
		7A10A5F7243847B10070302F /* TourneyHelper.swift in Sources */ = {isa = PBXBuildFile; fileRef = 7A10A5F6243847B10070302F /* TourneyHelper.swift */; };
		7A2ECEE9242EDE920065E369 /* AppDelegate.swift in Sources */ = {isa = PBXBuildFile; fileRef = 7A2ECEE8242EDE920065E369 /* AppDelegate.swift */; };
		7A2ECEEB242EDE920065E369 /* PlayGameViewController.swift in Sources */ = {isa = PBXBuildFile; fileRef = 7A2ECEEA242EDE920065E369 /* PlayGameViewController.swift */; };
		7A2ECEEE242EDE920065E369 /* Main.storyboard in Resources */ = {isa = PBXBuildFile; fileRef = 7A2ECEEC242EDE920065E369 /* Main.storyboard */; };
		7A2ECEF0242EDE930065E369 /* Assets.xcassets in Resources */ = {isa = PBXBuildFile; fileRef = 7A2ECEEF242EDE930065E369 /* Assets.xcassets */; };
		7A2ECEF3242EDE930065E369 /* LaunchScreen.storyboard in Resources */ = {isa = PBXBuildFile; fileRef = 7A2ECEF1242EDE930065E369 /* LaunchScreen.storyboard */; };
		7A494BC3243041C20042173A /* foam-madness.xcdatamodeld in Sources */ = {isa = PBXBuildFile; fileRef = 7A494BC1243041C20042173A /* foam-madness.xcdatamodeld */; };
		7A494BC5243046A50042173A /* DataController.swift in Sources */ = {isa = PBXBuildFile; fileRef = 7A494BC4243046A50042173A /* DataController.swift */; };
		7A62CB7D242EFC0300880B33 /* ShootModeViewController.swift in Sources */ = {isa = PBXBuildFile; fileRef = 7A62CB7C242EFC0300880B33 /* ShootModeViewController.swift */; };
		7A62CB7F242EFC5000880B33 /* GameScoreViewController.swift in Sources */ = {isa = PBXBuildFile; fileRef = 7A62CB7E242EFC5000880B33 /* GameScoreViewController.swift */; };
		7A62CB81242EFC9100880B33 /* GameStatsViewController.swift in Sources */ = {isa = PBXBuildFile; fileRef = 7A62CB80242EFC9100880B33 /* GameStatsViewController.swift */; };
		7A86CDE6243432F600315752 /* SelectScreenViewController.swift in Sources */ = {isa = PBXBuildFile; fileRef = 7A86CDE5243432F600315752 /* SelectScreenViewController.swift */; };
		7A86CDE824343AF600315752 /* SelectTeamsViewController.swift in Sources */ = {isa = PBXBuildFile; fileRef = 7A86CDE724343AF600315752 /* SelectTeamsViewController.swift */; };
		7AD7BC1324315125006F0AF0 /* historicalProbabilities.plist in Resources */ = {isa = PBXBuildFile; fileRef = 7AD7BC1224315125006F0AF0 /* historicalProbabilities.plist */; };
		7AE130EA243591B900D30A21 /* SelectInitialBracketViewController.swift in Sources */ = {isa = PBXBuildFile; fileRef = 7AE130E9243591B900D30A21 /* SelectInitialBracketViewController.swift */; };
		7AE130EC2435A1B800D30A21 /* BracketCreationViewController.swift in Sources */ = {isa = PBXBuildFile; fileRef = 7AE130EB2435A1B800D30A21 /* BracketCreationViewController.swift */; };
		7AEAB80B2433086C009E7CC1 /* teams.plist in Resources */ = {isa = PBXBuildFile; fileRef = 7AEAB8092433086C009E7CC1 /* teams.plist */; };
		7AEAB80C2433086C009E7CC1 /* bracketology2020.plist in Resources */ = {isa = PBXBuildFile; fileRef = 7AEAB80A2433086C009E7CC1 /* bracketology2020.plist */; };
		7AF31A862431267400DF1605 /* GameHelper.swift in Sources */ = {isa = PBXBuildFile; fileRef = 7AF31A852431267400DF1605 /* GameHelper.swift */; };
/* End PBXBuildFile section */

/* Begin PBXFileReference section */
		7A0A424F2441A1C50096A7D6 /* TournamentStatsViewController.swift */ = {isa = PBXFileReference; lastKnownFileType = sourcecode.swift; path = TournamentStatsViewController.swift; sourceTree = "<group>"; };
		7A10A5F2243838D80070302F /* TournamentGamesViewController.swift */ = {isa = PBXFileReference; lastKnownFileType = sourcecode.swift; path = TournamentGamesViewController.swift; sourceTree = "<group>"; };
		7A10A5F424383F970070302F /* SelectTournamentViewController.swift */ = {isa = PBXFileReference; lastKnownFileType = sourcecode.swift; path = SelectTournamentViewController.swift; sourceTree = "<group>"; };
		7A10A5F6243847B10070302F /* TourneyHelper.swift */ = {isa = PBXFileReference; lastKnownFileType = sourcecode.swift; path = TourneyHelper.swift; sourceTree = "<group>"; };
		7A2ECEE5242EDE920065E369 /* foam-madness.app */ = {isa = PBXFileReference; explicitFileType = wrapper.application; includeInIndex = 0; path = "foam-madness.app"; sourceTree = BUILT_PRODUCTS_DIR; };
		7A2ECEE8242EDE920065E369 /* AppDelegate.swift */ = {isa = PBXFileReference; lastKnownFileType = sourcecode.swift; path = AppDelegate.swift; sourceTree = "<group>"; };
		7A2ECEEA242EDE920065E369 /* PlayGameViewController.swift */ = {isa = PBXFileReference; lastKnownFileType = sourcecode.swift; path = PlayGameViewController.swift; sourceTree = "<group>"; };
		7A2ECEED242EDE920065E369 /* Base */ = {isa = PBXFileReference; lastKnownFileType = file.storyboard; name = Base; path = Base.lproj/Main.storyboard; sourceTree = "<group>"; };
		7A2ECEEF242EDE930065E369 /* Assets.xcassets */ = {isa = PBXFileReference; lastKnownFileType = folder.assetcatalog; path = Assets.xcassets; sourceTree = "<group>"; };
		7A2ECEF2242EDE930065E369 /* Base */ = {isa = PBXFileReference; lastKnownFileType = file.storyboard; name = Base; path = Base.lproj/LaunchScreen.storyboard; sourceTree = "<group>"; };
		7A2ECEF4242EDE930065E369 /* Info.plist */ = {isa = PBXFileReference; lastKnownFileType = text.plist.xml; path = Info.plist; sourceTree = "<group>"; };
		7A494BC2243041C20042173A /* foam-madness.xcdatamodel */ = {isa = PBXFileReference; lastKnownFileType = wrapper.xcdatamodel; path = "foam-madness.xcdatamodel"; sourceTree = "<group>"; };
		7A494BC4243046A50042173A /* DataController.swift */ = {isa = PBXFileReference; lastKnownFileType = sourcecode.swift; path = DataController.swift; sourceTree = "<group>"; };
		7A62CB7C242EFC0300880B33 /* ShootModeViewController.swift */ = {isa = PBXFileReference; lastKnownFileType = sourcecode.swift; path = ShootModeViewController.swift; sourceTree = "<group>"; };
		7A62CB7E242EFC5000880B33 /* GameScoreViewController.swift */ = {isa = PBXFileReference; lastKnownFileType = sourcecode.swift; path = GameScoreViewController.swift; sourceTree = "<group>"; };
		7A62CB80242EFC9100880B33 /* GameStatsViewController.swift */ = {isa = PBXFileReference; lastKnownFileType = sourcecode.swift; path = GameStatsViewController.swift; sourceTree = "<group>"; };
		7A73579E243ED4A800691B26 /* foam-madness-v2.xcdatamodel */ = {isa = PBXFileReference; lastKnownFileType = wrapper.xcdatamodel; path = "foam-madness-v2.xcdatamodel"; sourceTree = "<group>"; };
		7A86CDE5243432F600315752 /* SelectScreenViewController.swift */ = {isa = PBXFileReference; lastKnownFileType = sourcecode.swift; path = SelectScreenViewController.swift; sourceTree = "<group>"; };
		7A86CDE724343AF600315752 /* SelectTeamsViewController.swift */ = {isa = PBXFileReference; lastKnownFileType = sourcecode.swift; path = SelectTeamsViewController.swift; sourceTree = "<group>"; };
		7AD7BC1224315125006F0AF0 /* historicalProbabilities.plist */ = {isa = PBXFileReference; lastKnownFileType = text.plist.xml; path = historicalProbabilities.plist; sourceTree = "<group>"; };
		7AE130E9243591B900D30A21 /* SelectInitialBracketViewController.swift */ = {isa = PBXFileReference; lastKnownFileType = sourcecode.swift; path = SelectInitialBracketViewController.swift; sourceTree = "<group>"; };
		7AE130EB2435A1B800D30A21 /* BracketCreationViewController.swift */ = {isa = PBXFileReference; lastKnownFileType = sourcecode.swift; path = BracketCreationViewController.swift; sourceTree = "<group>"; };
		7AEAB8092433086C009E7CC1 /* teams.plist */ = {isa = PBXFileReference; fileEncoding = 4; lastKnownFileType = text.plist.xml; path = teams.plist; sourceTree = "<group>"; };
		7AEAB80A2433086C009E7CC1 /* bracketology2020.plist */ = {isa = PBXFileReference; fileEncoding = 4; lastKnownFileType = text.plist.xml; path = bracketology2020.plist; sourceTree = "<group>"; };
		7AF31A852431267400DF1605 /* GameHelper.swift */ = {isa = PBXFileReference; lastKnownFileType = sourcecode.swift; path = GameHelper.swift; sourceTree = "<group>"; };
/* End PBXFileReference section */

/* Begin PBXFrameworksBuildPhase section */
		7A2ECEE2242EDE920065E369 /* Frameworks */ = {
			isa = PBXFrameworksBuildPhase;
			buildActionMask = 2147483647;
			files = (
			);
			runOnlyForDeploymentPostprocessing = 0;
		};
/* End PBXFrameworksBuildPhase section */

/* Begin PBXGroup section */
		7A2ECEDC242EDE920065E369 = {
			isa = PBXGroup;
			children = (
				7A2ECEE7242EDE920065E369 /* foam-madness */,
				7A2ECEE6242EDE920065E369 /* Products */,
			);
			sourceTree = "<group>";
		};
		7A2ECEE6242EDE920065E369 /* Products */ = {
			isa = PBXGroup;
			children = (
				7A2ECEE5242EDE920065E369 /* foam-madness.app */,
			);
			name = Products;
			sourceTree = "<group>";
		};
		7A2ECEE7242EDE920065E369 /* foam-madness */ = {
			isa = PBXGroup;
			children = (
				7A2ECEFC242EDED20065E369 /* Controller */,
				7A2ECEFA242EDEB00065E369 /* Model */,
				7A2ECEFB242EDEBF0065E369 /* View */,
				7A2ECEF4242EDE930065E369 /* Info.plist */,
				7AD7BC1224315125006F0AF0 /* historicalProbabilities.plist */,
				7AEAB80A2433086C009E7CC1 /* bracketology2020.plist */,
				7AEAB8092433086C009E7CC1 /* teams.plist */,
			);
			path = "foam-madness";
			sourceTree = "<group>";
		};
		7A2ECEFA242EDEB00065E369 /* Model */ = {
			isa = PBXGroup;
			children = (
				7A494BC1243041C20042173A /* foam-madness.xcdatamodeld */,
				7A494BC4243046A50042173A /* DataController.swift */,
			);
			path = Model;
			sourceTree = "<group>";
		};
		7A2ECEFB242EDEBF0065E369 /* View */ = {
			isa = PBXGroup;
			children = (
				7A2ECEEC242EDE920065E369 /* Main.storyboard */,
				7A2ECEEF242EDE930065E369 /* Assets.xcassets */,
				7A2ECEF1242EDE930065E369 /* LaunchScreen.storyboard */,
			);
			path = View;
			sourceTree = "<group>";
		};
		7A2ECEFC242EDED20065E369 /* Controller */ = {
			isa = PBXGroup;
			children = (
				7A2ECEE8242EDE920065E369 /* AppDelegate.swift */,
				7A2ECEEA242EDE920065E369 /* PlayGameViewController.swift */,
				7A62CB7C242EFC0300880B33 /* ShootModeViewController.swift */,
				7A62CB7E242EFC5000880B33 /* GameScoreViewController.swift */,
				7A62CB80242EFC9100880B33 /* GameStatsViewController.swift */,
				7AF31A852431267400DF1605 /* GameHelper.swift */,
				7A86CDE5243432F600315752 /* SelectScreenViewController.swift */,
				7A10A5F6243847B10070302F /* TourneyHelper.swift */,
				7A86CDE724343AF600315752 /* SelectTeamsViewController.swift */,
				7AE130E9243591B900D30A21 /* SelectInitialBracketViewController.swift */,
				7AE130EB2435A1B800D30A21 /* BracketCreationViewController.swift */,
				7A10A5F2243838D80070302F /* TournamentGamesViewController.swift */,
				7A10A5F424383F970070302F /* SelectTournamentViewController.swift */,
				7A0A424F2441A1C50096A7D6 /* TournamentStatsViewController.swift */,
			);
			path = Controller;
			sourceTree = "<group>";
		};
/* End PBXGroup section */

/* Begin PBXNativeTarget section */
		7A2ECEE4242EDE920065E369 /* foam-madness */ = {
			isa = PBXNativeTarget;
			buildConfigurationList = 7A2ECEF7242EDE930065E369 /* Build configuration list for PBXNativeTarget "foam-madness" */;
			buildPhases = (
				7A2ECEE1242EDE920065E369 /* Sources */,
				7A2ECEE2242EDE920065E369 /* Frameworks */,
				7A2ECEE3242EDE920065E369 /* Resources */,
			);
			buildRules = (
			);
			dependencies = (
			);
			name = "foam-madness";
			productName = "foam-madness";
			productReference = 7A2ECEE5242EDE920065E369 /* foam-madness.app */;
			productType = "com.apple.product-type.application";
		};
/* End PBXNativeTarget section */

/* Begin PBXProject section */
		7A2ECEDD242EDE920065E369 /* Project object */ = {
			isa = PBXProject;
			attributes = {
				LastSwiftUpdateCheck = 1010;
				LastUpgradeCheck = 1010;
				ORGANIZATIONNAME = mvirgo;
				TargetAttributes = {
					7A2ECEE4242EDE920065E369 = {
						CreatedOnToolsVersion = 10.1;
					};
				};
			};
			buildConfigurationList = 7A2ECEE0242EDE920065E369 /* Build configuration list for PBXProject "foam-madness" */;
			compatibilityVersion = "Xcode 9.3";
			developmentRegion = en;
			hasScannedForEncodings = 0;
			knownRegions = (
				en,
				Base,
			);
			mainGroup = 7A2ECEDC242EDE920065E369;
			productRefGroup = 7A2ECEE6242EDE920065E369 /* Products */;
			projectDirPath = "";
			projectRoot = "";
			targets = (
				7A2ECEE4242EDE920065E369 /* foam-madness */,
			);
		};
/* End PBXProject section */

/* Begin PBXResourcesBuildPhase section */
		7A2ECEE3242EDE920065E369 /* Resources */ = {
			isa = PBXResourcesBuildPhase;
			buildActionMask = 2147483647;
			files = (
				7AEAB80B2433086C009E7CC1 /* teams.plist in Resources */,
				7A2ECEF3242EDE930065E369 /* LaunchScreen.storyboard in Resources */,
				7A2ECEF0242EDE930065E369 /* Assets.xcassets in Resources */,
				7AD7BC1324315125006F0AF0 /* historicalProbabilities.plist in Resources */,
				7AEAB80C2433086C009E7CC1 /* bracketology2020.plist in Resources */,
				7A2ECEEE242EDE920065E369 /* Main.storyboard in Resources */,
			);
			runOnlyForDeploymentPostprocessing = 0;
		};
/* End PBXResourcesBuildPhase section */

/* Begin PBXSourcesBuildPhase section */
		7A2ECEE1242EDE920065E369 /* Sources */ = {
			isa = PBXSourcesBuildPhase;
			buildActionMask = 2147483647;
			files = (
				7A494BC5243046A50042173A /* DataController.swift in Sources */,
				7A0A42502441A1C50096A7D6 /* TournamentStatsViewController.swift in Sources */,
				7A10A5F3243838D80070302F /* TournamentGamesViewController.swift in Sources */,
				7A494BC3243041C20042173A /* foam-madness.xcdatamodeld in Sources */,
				7A2ECEEB242EDE920065E369 /* PlayGameViewController.swift in Sources */,
				7A62CB7F242EFC5000880B33 /* GameScoreViewController.swift in Sources */,
				7A86CDE6243432F600315752 /* SelectScreenViewController.swift in Sources */,
				7A62CB81242EFC9100880B33 /* GameStatsViewController.swift in Sources */,
				7AE130EC2435A1B800D30A21 /* BracketCreationViewController.swift in Sources */,
				7A10A5F7243847B10070302F /* TourneyHelper.swift in Sources */,
				7AE130EA243591B900D30A21 /* SelectInitialBracketViewController.swift in Sources */,
				7A10A5F524383F970070302F /* SelectTournamentViewController.swift in Sources */,
				7AF31A862431267400DF1605 /* GameHelper.swift in Sources */,
				7A86CDE824343AF600315752 /* SelectTeamsViewController.swift in Sources */,
				7A62CB7D242EFC0300880B33 /* ShootModeViewController.swift in Sources */,
				7A2ECEE9242EDE920065E369 /* AppDelegate.swift in Sources */,
			);
			runOnlyForDeploymentPostprocessing = 0;
		};
/* End PBXSourcesBuildPhase section */

/* Begin PBXVariantGroup section */
		7A2ECEEC242EDE920065E369 /* Main.storyboard */ = {
			isa = PBXVariantGroup;
			children = (
				7A2ECEED242EDE920065E369 /* Base */,
			);
			name = Main.storyboard;
			sourceTree = "<group>";
		};
		7A2ECEF1242EDE930065E369 /* LaunchScreen.storyboard */ = {
			isa = PBXVariantGroup;
			children = (
				7A2ECEF2242EDE930065E369 /* Base */,
			);
			name = LaunchScreen.storyboard;
			sourceTree = "<group>";
		};
/* End PBXVariantGroup section */

/* Begin XCBuildConfiguration section */
		7A2ECEF5242EDE930065E369 /* Debug */ = {
			isa = XCBuildConfiguration;
			buildSettings = {
				ALWAYS_SEARCH_USER_PATHS = NO;
				CLANG_ANALYZER_NONNULL = YES;
				CLANG_ANALYZER_NUMBER_OBJECT_CONVERSION = YES_AGGRESSIVE;
				CLANG_CXX_LANGUAGE_STANDARD = "gnu++14";
				CLANG_CXX_LIBRARY = "libc++";
				CLANG_ENABLE_MODULES = YES;
				CLANG_ENABLE_OBJC_ARC = YES;
				CLANG_ENABLE_OBJC_WEAK = YES;
				CLANG_WARN_BLOCK_CAPTURE_AUTORELEASING = YES;
				CLANG_WARN_BOOL_CONVERSION = YES;
				CLANG_WARN_COMMA = YES;
				CLANG_WARN_CONSTANT_CONVERSION = YES;
				CLANG_WARN_DEPRECATED_OBJC_IMPLEMENTATIONS = YES;
				CLANG_WARN_DIRECT_OBJC_ISA_USAGE = YES_ERROR;
				CLANG_WARN_DOCUMENTATION_COMMENTS = YES;
				CLANG_WARN_EMPTY_BODY = YES;
				CLANG_WARN_ENUM_CONVERSION = YES;
				CLANG_WARN_INFINITE_RECURSION = YES;
				CLANG_WARN_INT_CONVERSION = YES;
				CLANG_WARN_NON_LITERAL_NULL_CONVERSION = YES;
				CLANG_WARN_OBJC_IMPLICIT_RETAIN_SELF = YES;
				CLANG_WARN_OBJC_LITERAL_CONVERSION = YES;
				CLANG_WARN_OBJC_ROOT_CLASS = YES_ERROR;
				CLANG_WARN_RANGE_LOOP_ANALYSIS = YES;
				CLANG_WARN_STRICT_PROTOTYPES = YES;
				CLANG_WARN_SUSPICIOUS_MOVE = YES;
				CLANG_WARN_UNGUARDED_AVAILABILITY = YES_AGGRESSIVE;
				CLANG_WARN_UNREACHABLE_CODE = YES;
				CLANG_WARN__DUPLICATE_METHOD_MATCH = YES;
				CODE_SIGN_IDENTITY = "iPhone Developer";
				COPY_PHASE_STRIP = NO;
				DEBUG_INFORMATION_FORMAT = dwarf;
				ENABLE_STRICT_OBJC_MSGSEND = YES;
				ENABLE_TESTABILITY = YES;
				GCC_C_LANGUAGE_STANDARD = gnu11;
				GCC_DYNAMIC_NO_PIC = NO;
				GCC_NO_COMMON_BLOCKS = YES;
				GCC_OPTIMIZATION_LEVEL = 0;
				GCC_PREPROCESSOR_DEFINITIONS = (
					"DEBUG=1",
					"$(inherited)",
				);
				GCC_WARN_64_TO_32_BIT_CONVERSION = YES;
				GCC_WARN_ABOUT_RETURN_TYPE = YES_ERROR;
				GCC_WARN_UNDECLARED_SELECTOR = YES;
				GCC_WARN_UNINITIALIZED_AUTOS = YES_AGGRESSIVE;
				GCC_WARN_UNUSED_FUNCTION = YES;
				GCC_WARN_UNUSED_VARIABLE = YES;
				IPHONEOS_DEPLOYMENT_TARGET = 12.1;
				MTL_ENABLE_DEBUG_INFO = INCLUDE_SOURCE;
				MTL_FAST_MATH = YES;
				ONLY_ACTIVE_ARCH = YES;
				SDKROOT = iphoneos;
				SWIFT_ACTIVE_COMPILATION_CONDITIONS = DEBUG;
				SWIFT_OPTIMIZATION_LEVEL = "-Onone";
			};
			name = Debug;
		};
		7A2ECEF6242EDE930065E369 /* Release */ = {
			isa = XCBuildConfiguration;
			buildSettings = {
				ALWAYS_SEARCH_USER_PATHS = NO;
				CLANG_ANALYZER_NONNULL = YES;
				CLANG_ANALYZER_NUMBER_OBJECT_CONVERSION = YES_AGGRESSIVE;
				CLANG_CXX_LANGUAGE_STANDARD = "gnu++14";
				CLANG_CXX_LIBRARY = "libc++";
				CLANG_ENABLE_MODULES = YES;
				CLANG_ENABLE_OBJC_ARC = YES;
				CLANG_ENABLE_OBJC_WEAK = YES;
				CLANG_WARN_BLOCK_CAPTURE_AUTORELEASING = YES;
				CLANG_WARN_BOOL_CONVERSION = YES;
				CLANG_WARN_COMMA = YES;
				CLANG_WARN_CONSTANT_CONVERSION = YES;
				CLANG_WARN_DEPRECATED_OBJC_IMPLEMENTATIONS = YES;
				CLANG_WARN_DIRECT_OBJC_ISA_USAGE = YES_ERROR;
				CLANG_WARN_DOCUMENTATION_COMMENTS = YES;
				CLANG_WARN_EMPTY_BODY = YES;
				CLANG_WARN_ENUM_CONVERSION = YES;
				CLANG_WARN_INFINITE_RECURSION = YES;
				CLANG_WARN_INT_CONVERSION = YES;
				CLANG_WARN_NON_LITERAL_NULL_CONVERSION = YES;
				CLANG_WARN_OBJC_IMPLICIT_RETAIN_SELF = YES;
				CLANG_WARN_OBJC_LITERAL_CONVERSION = YES;
				CLANG_WARN_OBJC_ROOT_CLASS = YES_ERROR;
				CLANG_WARN_RANGE_LOOP_ANALYSIS = YES;
				CLANG_WARN_STRICT_PROTOTYPES = YES;
				CLANG_WARN_SUSPICIOUS_MOVE = YES;
				CLANG_WARN_UNGUARDED_AVAILABILITY = YES_AGGRESSIVE;
				CLANG_WARN_UNREACHABLE_CODE = YES;
				CLANG_WARN__DUPLICATE_METHOD_MATCH = YES;
				CODE_SIGN_IDENTITY = "iPhone Developer";
				COPY_PHASE_STRIP = NO;
				DEBUG_INFORMATION_FORMAT = "dwarf-with-dsym";
				ENABLE_NS_ASSERTIONS = NO;
				ENABLE_STRICT_OBJC_MSGSEND = YES;
				GCC_C_LANGUAGE_STANDARD = gnu11;
				GCC_NO_COMMON_BLOCKS = YES;
				GCC_WARN_64_TO_32_BIT_CONVERSION = YES;
				GCC_WARN_ABOUT_RETURN_TYPE = YES_ERROR;
				GCC_WARN_UNDECLARED_SELECTOR = YES;
				GCC_WARN_UNINITIALIZED_AUTOS = YES_AGGRESSIVE;
				GCC_WARN_UNUSED_FUNCTION = YES;
				GCC_WARN_UNUSED_VARIABLE = YES;
				IPHONEOS_DEPLOYMENT_TARGET = 12.1;
				MTL_ENABLE_DEBUG_INFO = NO;
				MTL_FAST_MATH = YES;
				SDKROOT = iphoneos;
				SWIFT_COMPILATION_MODE = wholemodule;
				SWIFT_OPTIMIZATION_LEVEL = "-O";
				VALIDATE_PRODUCT = YES;
			};
			name = Release;
		};
		7A2ECEF8242EDE930065E369 /* Debug */ = {
			isa = XCBuildConfiguration;
			buildSettings = {
				ASSETCATALOG_COMPILER_APPICON_NAME = AppIcon;
				CODE_SIGN_STYLE = Automatic;
				DEVELOPMENT_TEAM = 5X3GA242G5;
				INFOPLIST_FILE = "foam-madness/Info.plist";
				LD_RUNPATH_SEARCH_PATHS = (
					"$(inherited)",
					"@executable_path/Frameworks",
				);
				PRODUCT_BUNDLE_IDENTIFIER = "com.mvirgo.foam-madness";
				PRODUCT_NAME = "$(TARGET_NAME)";
				SWIFT_VERSION = 4.2;
				TARGETED_DEVICE_FAMILY = 1;
			};
			name = Debug;
		};
		7A2ECEF9242EDE930065E369 /* Release */ = {
			isa = XCBuildConfiguration;
			buildSettings = {
				ASSETCATALOG_COMPILER_APPICON_NAME = AppIcon;
				CODE_SIGN_STYLE = Automatic;
				DEVELOPMENT_TEAM = 5X3GA242G5;
				INFOPLIST_FILE = "foam-madness/Info.plist";
				LD_RUNPATH_SEARCH_PATHS = (
					"$(inherited)",
					"@executable_path/Frameworks",
				);
				PRODUCT_BUNDLE_IDENTIFIER = "com.mvirgo.foam-madness";
				PRODUCT_NAME = "$(TARGET_NAME)";
				SWIFT_VERSION = 4.2;
				TARGETED_DEVICE_FAMILY = 1;
			};
			name = Release;
		};
/* End XCBuildConfiguration section */

/* Begin XCConfigurationList section */
		7A2ECEE0242EDE920065E369 /* Build configuration list for PBXProject "foam-madness" */ = {
			isa = XCConfigurationList;
			buildConfigurations = (
				7A2ECEF5242EDE930065E369 /* Debug */,
				7A2ECEF6242EDE930065E369 /* Release */,
			);
			defaultConfigurationIsVisible = 0;
			defaultConfigurationName = Release;
		};
		7A2ECEF7242EDE930065E369 /* Build configuration list for PBXNativeTarget "foam-madness" */ = {
			isa = XCConfigurationList;
			buildConfigurations = (
				7A2ECEF8242EDE930065E369 /* Debug */,
				7A2ECEF9242EDE930065E369 /* Release */,
			);
			defaultConfigurationIsVisible = 0;
			defaultConfigurationName = Release;
		};
/* End XCConfigurationList section */

/* Begin XCVersionGroup section */
		7A494BC1243041C20042173A /* foam-madness.xcdatamodeld */ = {
			isa = XCVersionGroup;
			children = (
				7A73579E243ED4A800691B26 /* foam-madness-v2.xcdatamodel */,
				7A494BC2243041C20042173A /* foam-madness.xcdatamodel */,
			);
			currentVersion = 7A73579E243ED4A800691B26 /* foam-madness-v2.xcdatamodel */;
			path = "foam-madness.xcdatamodeld";
			sourceTree = "<group>";
			versionGroupType = wrapper.xcdatamodel;
		};
/* End XCVersionGroup section */
	};
	rootObject = 7A2ECEDD242EDE920065E369 /* Project object */;
}
